{
  "name": "parallaxpro-engine",
  "version": "0.1.0",
  "lockfileVersion": 3,
  "requires": true,
  "packages": {
    "": {
      "name": "parallaxpro-engine",
      "version": "0.1.0",
      "dependencies": {
        "@dimforge/rapier3d-compat": "^0.19.3"
      },
      "devDependencies": {
        "@webgpu/types": "^0.1.40"
      }
    },
    "node_modules/@dimforge/rapier3d-compat": {
      "version": "0.19.3",
      "resolved": "https://registry.npmjs.org/@dimforge/rapier3d-compat/-/rapier3d-compat-0.19.3.tgz",
      "integrity": "sha512-mMVdSj1PRTT108s9Swbu2GQOmHbn8kbJANRV5xfczL3s0T4vkgZAuoMRgvBzQcHanpKusbC0ZJj6z3mC3aj3vg==",
      "license": "Apache-2.0"
    },
    "node_modules/@webgpu/types": {
      "version": "0.1.69",
      "resolved": "https://registry.npmjs.org/@webgpu/types/-/types-0.1.69.tgz",
      "integrity": "sha512-RPmm6kgRbI8e98zSD3RVACvnuktIja5+yLgDAkTmxLr90BEwdTXRQWNLF3ETTTyH/8mKhznZuN5AveXYFEsMGQ==",
      "dev": true,
      "license": "BSD-3-Clause"
    }
  }
}
